# This file is automatically @generated by Cargo.
# It is not intended for manual editing.
version = 4

[[package]]
name = "bytemuncher"
version = "0.1.0"
dependencies = [
 "mutf8",
]

[[package]]
name = "mutf8"
version = "0.5.0"
source = "registry+https://github.com/rust-lang/crates.io-index"
checksum = "45441cbf2f79a8974091e9e78cf9d0fd19fb15641e7969dfcc42d18eb855f5f3"
